{
  "name": "firebase",
  "lockfileVersion": 2,
  "requires": true,
  "packages": {
    "": {
      "dependencies": {
        "firebase": "npm:undefined@^"
      }
    },
    "node_modules/@firebase/app": {
      "extraneous": true
    },
    "node_modules/@firebase/app-types": {
      "extraneous": true
    },
    "node_modules/@firebase/auth": {
      "extraneous": true
    },
    "node_modules/@firebase/auth-types": {
      "extraneous": true
    },
    "node_modules/@firebase/database": {
      "extraneous": true
    },
    "node_modules/@firebase/database-types": {
      "extraneous": true
    },
    "node_modules/@firebase/firestore": {
      "extraneous": true
    },
    "node_modules/@firebase/firestore-types": {
      "extraneous": true
    },
    "node_modules/@firebase/functions": {
      "extraneous": true
    },
    "node_modules/@firebase/functions-types": {
      "extraneous": true
    },
    "node_modules/@firebase/logger": {
      "extraneous": true
    },
    "node_modules/@firebase/messaging": {
      "extraneous": true
    },
    "node_modules/@firebase/messaging-types": {
      "extraneous": true
    },
    "node_modules/@firebase/messaging/node_modules/@firebase/messaging-types": {
      "extraneous": true
    },
    "node_modules/@firebase/polyfill": {
      "extraneous": true
    },
    "node_modules/@firebase/storage": {
      "extraneous": true
    },
    "node_modules/@firebase/storage-types": {
      "extraneous": true
    },
    "node_modules/@firebase/util": {
      "extraneous": true
    },
    "node_modules/@firebase/webchannel-wrapper": {
      "extraneous": true
    },
    "node_modules/@types/bytebuffer": {
      "extraneous": true
    },
    "node_modules/@types/long": {
      "extraneous": true
    },
    "node_modules/@types/node": {
      "extraneous": true
    },
    "node_modules/abbrev": {
      "extraneous": true
    },
    "node_modules/ansi-regex": {
      "extraneous": true
    },
    "node_modules/aproba": {
      "extraneous": true
    },
    "node_modules/are-we-there-yet": {
      "extraneous": true
    },
    "node_modules/ascli": {
      "extraneous": true
    },
    "node_modules/balanced-match": {
      "extraneous": true
    },
    "node_modules/brace-expansion": {
      "extraneous": true
    },
    "node_modules/bytebuffer": {
      "extraneous": true
    },
    "node_modules/camelcase": {
      "extraneous": true
    },
    "node_modules/chownr": {
      "extraneous": true
    },
    "node_modules/cliui": {
      "extraneous": true
    },
    "node_modules/code-point-at": {
      "extraneous": true
    },
    "node_modules/colour": {
      "extraneous": true
    },
    "node_modules/concat-map": {
      "extraneous": true
    },
    "node_modules/console-control-strings": {
      "extraneous": true
    },
    "node_modules/core-util-is": {
      "extraneous": true
    },
    "node_modules/debug": {
      "extraneous": true
    },
    "node_modules/decamelize": {
      "extraneous": true
    },
    "node_modules/deep-extend": {
      "extraneous": true
    },
    "node_modules/delegates": {
      "extraneous": true
    },
    "node_modules/detect-libc": {
      "extraneous": true
    },
    "node_modules/dom-storage": {
      "extraneous": true
    },
    "node_modules/encoding": {
      "extraneous": true
    },
    "node_modules/faye-websocket": {
      "extraneous": true
    },
    "node_modules/firebase": {},
    "node_modules/fs-minipass": {
      "extraneous": true
    },
    "node_modules/fs.realpath": {
      "extraneous": true
    },
    "node_modules/gauge": {
      "extraneous": true
    },
    "node_modules/glob": {
      "extraneous": true
    },
    "node_modules/grpc": {
      "extraneous": true
    },
    "node_modules/has-unicode": {
      "extraneous": true
    },
    "node_modules/http-parser-js": {
      "extraneous": true
    },
    "node_modules/iconv-lite": {
      "extraneous": true
    },
    "node_modules/ignore-walk": {
      "extraneous": true
    },
    "node_modules/inflight": {
      "extraneous": true
    },
    "node_modules/inherits": {
      "extraneous": true
    },
    "node_modules/ini": {
      "extraneous": true
    },
    "node_modules/invert-kv": {
      "extraneous": true
    },
    "node_modules/is-fullwidth-code-point": {
      "extraneous": true
    },
    "node_modules/is-stream": {
      "extraneous": true
    },
    "node_modules/isarray": {
      "extraneous": true
    },
    "node_modules/isomorphic-fetch": {
      "extraneous": true
    },
    "node_modules/lcid": {
      "extraneous": true
    },
    "node_modules/lodash.camelcase": {
      "extraneous": true
    },
    "node_modules/lodash.clone": {
      "extraneous": true
    },
    "node_modules/long": {
      "extraneous": true
    },
    "node_modules/minimatch": {
      "extraneous": true
    },
    "node_modules/minimist": {
      "extraneous": true
    },
    "node_modules/minipass": {
      "extraneous": true
    },
    "node_modules/minizlib": {
      "extraneous": true
    },
    "node_modules/mkdirp": {
      "extraneous": true
    },
    "node_modules/ms": {
      "extraneous": true
    },
    "node_modules/nan": {
      "extraneous": true
    },
    "node_modules/needle": {
      "extraneous": true
    },
    "node_modules/needle/node_modules/iconv-lite": {
      "extraneous": true
    },
    "node_modules/node-fetch": {
      "extraneous": true
    },
    "node_modules/node-pre-gyp": {
      "extraneous": true
    },
    "node_modules/nopt": {
      "extraneous": true
    },
    "node_modules/npm-bundled": {
      "extraneous": true
    },
    "node_modules/npm-normalize-package-bin": {
      "extraneous": true
    },
    "node_modules/npm-packlist": {
      "extraneous": true
    },
    "node_modules/npmlog": {
      "extraneous": true
    },
    "node_modules/number-is-nan": {
      "extraneous": true
    },
    "node_modules/object-assign": {
      "extraneous": true
    },
    "node_modules/once": {
      "extraneous": true
    },
    "node_modules/optjs": {
      "extraneous": true
    },
    "node_modules/os-homedir": {
      "extraneous": true
    },
    "node_modules/os-locale": {
      "extraneous": true
    },
    "node_modules/os-tmpdir": {
      "extraneous": true
    },
    "node_modules/osenv": {
      "extraneous": true
    },
    "node_modules/path-is-absolute": {
      "extraneous": true
    },
    "node_modules/process-nextick-args": {
      "extraneous": true
    },
    "node_modules/promise-polyfill": {
      "extraneous": true
    },
    "node_modules/protobufjs": {
      "extraneous": true
    },
    "node_modules/rc": {
      "extraneous": true
    },
    "node_modules/readable-stream": {
      "extraneous": true
    },
    "node_modules/rimraf": {
      "extraneous": true
    },
    "node_modules/safe-buffer": {
      "extraneous": true
    },
    "node_modules/safer-buffer": {
      "extraneous": true
    },
    "node_modules/sax": {
      "extraneous": true
    },
    "node_modules/semver": {
      "extraneous": true
    },
    "node_modules/set-blocking": {
      "extraneous": true
    },
    "node_modules/signal-exit": {
      "extraneous": true
    },
    "node_modules/string_decoder": {
      "extraneous": true
    },
    "node_modules/string-width": {
      "extraneous": true
    },
    "node_modules/strip-ansi": {
      "extraneous": true
    },
    "node_modules/strip-json-comments": {
      "extraneous": true
    },
    "node_modules/tar": {
      "extraneous": true
    },
    "node_modules/tslib": {
      "extraneous": true
    },
    "node_modules/util-deprecate": {
      "extraneous": true
    },
    "node_modules/websocket-driver": {
      "extraneous": true
    },
    "node_modules/websocket-extensions": {
      "extraneous": true
    },
    "node_modules/whatwg-fetch": {
      "extraneous": true
    },
    "node_modules/wide-align": {
      "extraneous": true
    },
    "node_modules/window-size": {
      "extraneous": true
    },
    "node_modules/wrap-ansi": {
      "extraneous": true
    },
    "node_modules/wrappy": {
      "extraneous": true
    },
    "node_modules/xmlhttprequest": {
      "extraneous": true
    },
    "node_modules/y18n": {
      "extraneous": true
    },
    "node_modules/yallist": {
      "extraneous": true
    },
    "node_modules/yargs": {
      "extraneous": true
    }
  },
  "dependencies": {
    "@firebase/app": {
      "extraneous": true
    },
    "@firebase/app-types": {
      "extraneous": true
    },
    "@firebase/auth": {
      "extraneous": true
    },
    "@firebase/auth-types": {
      "extraneous": true
    },
    "@firebase/database": {
      "extraneous": true
    },
    "@firebase/database-types": {
      "extraneous": true
    },
    "@firebase/firestore": {
      "extraneous": true
    },
    "@firebase/firestore-types": {
      "extraneous": true
    },
    "@firebase/functions": {
      "extraneous": true
    },
    "@firebase/functions-types": {
      "extraneous": true
    },
    "@firebase/logger": {
      "extraneous": true
    },
    "@firebase/messaging": {
      "extraneous": true,
      "dependencies": {
        "@firebase/messaging-types": {
          "extraneous": true
        }
      }
    },
    "@firebase/messaging-types": {
      "extraneous": true
    },
    "@firebase/polyfill": {
      "extraneous": true
    },
    "@firebase/storage": {
      "extraneous": true
    },
    "@firebase/storage-types": {
      "extraneous": true
    },
    "@firebase/util": {
      "extraneous": true
    },
    "@firebase/webchannel-wrapper": {
      "extraneous": true
    },
    "@types/bytebuffer": {
      "extraneous": true
    },
    "@types/long": {
      "extraneous": true
    },
    "@types/node": {
      "extraneous": true
    },
    "abbrev": {
      "extraneous": true
    },
    "ansi-regex": {
      "extraneous": true
    },
    "aproba": {
      "extraneous": true
    },
    "are-we-there-yet": {
      "extraneous": true
    },
    "ascli": {
      "extraneous": true
    },
    "balanced-match": {
      "extraneous": true
    },
    "brace-expansion": {
      "extraneous": true
    },
    "bytebuffer": {
      "extraneous": true
    },
    "camelcase": {
      "extraneous": true
    },
    "chownr": {
      "extraneous": true
    },
    "cliui": {
      "extraneous": true
    },
    "code-point-at": {
      "extraneous": true
    },
    "colour": {
      "extraneous": true
    },
    "concat-map": {
      "extraneous": true
    },
    "console-control-strings": {
      "extraneous": true
    },
    "core-util-is": {
      "extraneous": true
    },
    "debug": {
      "extraneous": true
    },
    "decamelize": {
      "extraneous": true
    },
    "deep-extend": {
      "extraneous": true
    },
    "delegates": {
      "extraneous": true
    },
    "detect-libc": {
      "extraneous": true
    },
    "dom-storage": {
      "extraneous": true
    },
    "encoding": {
      "extraneous": true
    },
    "faye-websocket": {
      "extraneous": true
    },
    "firebase": {},
    "fs-minipass": {
      "extraneous": true
    },
    "fs.realpath": {
      "extraneous": true
    },
    "gauge": {
      "extraneous": true
    },
    "glob": {
      "extraneous": true
    },
    "grpc": {
      "extraneous": true
    },
    "has-unicode": {
      "extraneous": true
    },
    "http-parser-js": {
      "extraneous": true
    },
    "iconv-lite": {
      "extraneous": true
    },
    "ignore-walk": {
      "extraneous": true
    },
    "inflight": {
      "extraneous": true
    },
    "inherits": {
      "extraneous": true
    },
    "ini": {
      "extraneous": true
    },
    "invert-kv": {
      "extraneous": true
    },
    "is-fullwidth-code-point": {
      "extraneous": true
    },
    "is-stream": {
      "extraneous": true
    },
    "isarray": {
      "extraneous": true
    },
    "isomorphic-fetch": {
      "extraneous": true
    },
    "lcid": {
      "extraneous": true
    },
    "lodash.camelcase": {
      "extraneous": true
    },
    "lodash.clone": {
      "extraneous": true
    },
    "long": {
      "extraneous": true
    },
    "minimatch": {
      "extraneous": true
    },
    "minimist": {
      "extraneous": true
    },
    "minipass": {
      "extraneous": true
    },
    "minizlib": {
      "extraneous": true
    },
    "mkdirp": {
      "extraneous": true
    },
    "ms": {
      "extraneous": true
    },
    "nan": {
      "extraneous": true
    },
    "needle": {
      "extraneous": true,
      "dependencies": {
        "iconv-lite": {
          "extraneous": true
        }
      }
    },
    "node-fetch": {
      "extraneous": true
    },
    "node-pre-gyp": {
      "extraneous": true
    },
    "nopt": {
      "extraneous": true
    },
    "npm-bundled": {
      "extraneous": true
    },
    "npm-normalize-package-bin": {
      "extraneous": true
    },
    "npm-packlist": {
      "extraneous": true
    },
    "npmlog": {
      "extraneous": true
    },
    "number-is-nan": {
      "extraneous": true
    },
    "object-assign": {
      "extraneous": true
    },
    "once": {
      "extraneous": true
    },
    "optjs": {
      "extraneous": true
    },
    "os-homedir": {
      "extraneous": true
    },
    "os-locale": {
      "extraneous": true
    },
    "os-tmpdir": {
      "extraneous": true
    },
    "osenv": {
      "extraneous": true
    },
    "path-is-absolute": {
      "extraneous": true
    },
    "process-nextick-args": {
      "extraneous": true
    },
    "promise-polyfill": {
      "extraneous": true
    },
    "protobufjs": {
      "extraneous": true
    },
    "rc": {
      "extraneous": true
    },
    "readable-stream": {
      "extraneous": true
    },
    "rimraf": {
      "extraneous": true
    },
    "safe-buffer": {
      "extraneous": true
    },
    "safer-buffer": {
      "extraneous": true
    },
    "sax": {
      "extraneous": true
    },
    "semver": {
      "extraneous": true
    },
    "set-blocking": {
      "extraneous": true
    },
    "signal-exit": {
      "extraneous": true
    },
    "string_decoder": {
      "extraneous": true
    },
    "string-width": {
      "extraneous": true
    },
    "strip-ansi": {
      "extraneous": true
    },
    "strip-json-comments": {
      "extraneous": true
    },
    "tar": {
      "extraneous": true
    },
    "tslib": {
      "extraneous": true
    },
    "util-deprecate": {
      "extraneous": true
    },
    "websocket-driver": {
      "extraneous": true
    },
    "websocket-extensions": {
      "extraneous": true
    },
    "whatwg-fetch": {
      "extraneous": true
    },
    "wide-align": {
      "extraneous": true
    },
    "window-size": {
      "extraneous": true
    },
    "wrap-ansi": {
      "extraneous": true
    },
    "wrappy": {
      "extraneous": true
    },
    "xmlhttprequest": {
      "extraneous": true
    },
    "y18n": {
      "extraneous": true
    },
    "yallist": {
      "extraneous": true
    },
    "yargs": {
      "extraneous": true
    }
  }
}
